# THIS IS AN AUTOGENERATED FILE. DO NOT EDIT THIS FILE DIRECTLY.
# yarn lockfile v1


"@now/static-build@^0.5.7":
  version "0.5.7"
  resolved "https://registry.yarnpkg.com/@now/static-build/-/static-build-0.5.7.tgz#b2059931b6c94850b8b78b1f7683678d9811c3c7"
  integrity sha512-h4R5iZikeLgkQHjnOJNTC43/u9IbN118oRMpmGaVW9N5XYQtDFF1vnXPW3aiBkEN3UY9RkIiYR/W7NciL24olA==
  dependencies:
    get-port "5.0.0"
    promise-timeout "1.3.0"

get-port@5.0.0:
  version "5.0.0"
  resolved "https://registry.yarnpkg.com/get-port/-/get-port-5.0.0.tgz#aa22b6b86fd926dd7884de3e23332c9f70c031a6"
  integrity sha512-imzMU0FjsZqNa6BqOjbbW6w5BivHIuQKopjpPqcnx0AVHJQKCxK1O+Ab3OrVXhrekqfVMjwA9ZYu062R+KcIsQ==
  dependencies:
    type-fest "^0.3.0"

promise-timeout@1.3.0:
  version "1.3.0"
  resolved "https://registry.yarnpkg.com/promise-timeout/-/promise-timeout-1.3.0.tgz#d1c78dd50a607d5f0a5207410252a3a0914e1014"
  integrity sha512-5yANTE0tmi5++POym6OgtFmwfDvOXABD9oj/jLQr5GPEyuNEb7jH4wbbANJceJid49jwhi1RddxnhnEAb/doqg==

type-fest@^0.3.0:
  version "0.3.1"
  resolved "https://registry.yarnpkg.com/type-fest/-/type-fest-0.3.1.tgz#63d00d204e059474fe5e1b7c011112bbd1dc29e1"
  integrity sha512-cUGJnCdr4STbePCgqNFbpVNCepa+kAVohJs1sLhxzdH+gnEoOd8VhbYa7pD3zZYGiURWM2xzEII3fQcRizDkYQ==
